packages:
  - package: dbt-labs/codegen
    version: 0.12.1
  - package: dbt-labs/dbt_utils
    version: 1.3.0
  - package: calogica/dbt_expectations
    version: 0.10.3
  - package: dbt-labs/dbt_project_evaluator
    version: 0.13.2
  - package: calogica/dbt_date
    version: 0.10.1
sha1_hash: c8e3e60440cae5eb6fce995bd56db1350e7697c5
