packages:
- package: dbt-labs/codegen
  version: 0.12.1
- package: dbt-labs/dbt_utils
  version: 1.1.1
- package: calogica/dbt_expectations
  version: 0.10.1
- package: dbt-labs/dbt_project_evaluator
  version: 0.8.1
- package: calogica/dbt_date
  version: 0.10.0
sha1_hash: 8885cded696e108d22318c1d241d2e98d70c5ede
